// !$*UTF8*$!
{
	archiveVersion = 1;
	classes = {
	};
	objectVersion = 46;
	objects = {

/* Begin PBXBuildFile section */
		1541A58B140A3E2A002B745A /* UIKit.framework in Frameworks */ = {isa = PBXBuildFile; fileRef = 1541A58A140A3E2A002B745A /* UIKit.framework */; };
		1541A58D140A3E2A002B745A /* Foundation.framework in Frameworks */ = {isa = PBXBuildFile; fileRef = 1541A58C140A3E2A002B745A /* Foundation.framework */; };
		1541A58F140A3E2A002B745A /* CoreGraphics.framework in Frameworks */ = {isa = PBXBuildFile; fileRef = 1541A58E140A3E2A002B745A /* CoreGraphics.framework */; };
		1541A595140A3E2A002B745A /* InfoPlist.strings in Resources */ = {isa = PBXBuildFile; fileRef = 1541A593140A3E2A002B745A /* InfoPlist.strings */; };
		1541A598140A3E2A002B745A /* main.m in Sources */ = {isa = PBXBuildFile; fileRef = 1541A597140A3E2A002B745A /* main.m */; };
		1541A59B140A3E2A002B745A /* RiverAppDelegate.m in Sources */ = {isa = PBXBuildFile; fileRef = 1541A59A140A3E2A002B745A /* RiverAppDelegate.m */; };
		1541A59E140A3E2A002B745A /* MainWindow.xib in Resources */ = {isa = PBXBuildFile; fileRef = 1541A59C140A3E2A002B745A /* MainWindow.xib */; };
		1541A5A1140A3E2A002B745A /* FirstViewController.m in Sources */ = {isa = PBXBuildFile; fileRef = 1541A5A0140A3E2A002B745A /* FirstViewController.m */; };
		1541A5A4140A3E2A002B745A /* SecondViewController.m in Sources */ = {isa = PBXBuildFile; fileRef = 1541A5A3140A3E2A002B745A /* SecondViewController.m */; };
		1541A5A7140A3E2A002B745A /* FirstView.xib in Resources */ = {isa = PBXBuildFile; fileRef = 1541A5A5140A3E2A002B745A /* FirstView.xib */; };
		1541A5AA140A3E2A002B745A /* SecondView.xib in Resources */ = {isa = PBXBuildFile; fileRef = 1541A5A8140A3E2A002B745A /* SecondView.xib */; };
		1541A5B1140A3E49002B745A /* Icon.png in Resources */ = {isa = PBXBuildFile; fileRef = 1541A5B0140A3E49002B745A /* Icon.png */; };
		1541A5B3140A3E4E002B745A /* Icon@2x.png in Resources */ = {isa = PBXBuildFile; fileRef = 1541A5B2140A3E4E002B745A /* Icon@2x.png */; };
		1541A5B5140A3E56002B745A /* star.png in Resources */ = {isa = PBXBuildFile; fileRef = 1541A5B4140A3E56002B745A /* star.png */; };
		1541A5B9140A3F0D002B745A /* ThirdViewController.m in Sources */ = {isa = PBXBuildFile; fileRef = 1541A5B7140A3F0D002B745A /* ThirdViewController.m */; };
		1541A5BA140A3F0D002B745A /* ThirdViewController.xib in Resources */ = {isa = PBXBuildFile; fileRef = 1541A5B8140A3F0D002B745A /* ThirdViewController.xib */; };
		1541A5BE140A3F2D002B745A /* FourthViewController.m in Sources */ = {isa = PBXBuildFile; fileRef = 1541A5BC140A3F2D002B745A /* FourthViewController.m */; };
		1541A5BF140A3F2D002B745A /* FourthViewController.xib in Resources */ = {isa = PBXBuildFile; fileRef = 1541A5BD140A3F2D002B745A /* FourthViewController.xib */; };
		1541A5C3140A3F4A002B745A /* FifthViewController.m in Sources */ = {isa = PBXBuildFile; fileRef = 1541A5C1140A3F4A002B745A /* FifthViewController.m */; };
		1541A5C4140A3F4A002B745A /* FifthViewController.xib in Resources */ = {isa = PBXBuildFile; fileRef = 1541A5C2140A3F4A002B745A /* FifthViewController.xib */; };
/* End PBXBuildFile section */

/* Begin PBXFileReference section */
		1541A586140A3E2A002B745A /* River.app */ = {isa = PBXFileReference; explicitFileType = wrapper.application; includeInIndex = 0; path = River.app; sourceTree = BUILT_PRODUCTS_DIR; };
		1541A58A140A3E2A002B745A /* UIKit.framework */ = {isa = PBXFileReference; lastKnownFileType = wrapper.framework; name = UIKit.framework; path = System/Library/Frameworks/UIKit.framework; sourceTree = SDKROOT; };
		1541A58C140A3E2A002B745A /* Foundation.framework */ = {isa = PBXFileReference; lastKnownFileType = wrapper.framework; name = Foundation.framework; path = System/Library/Frameworks/Foundation.framework; sourceTree = SDKROOT; };
		1541A58E140A3E2A002B745A /* CoreGraphics.framework */ = {isa = PBXFileReference; lastKnownFileType = wrapper.framework; name = CoreGraphics.framework; path = System/Library/Frameworks/CoreGraphics.framework; sourceTree = SDKROOT; };
		1541A592140A3E2A002B745A /* River-Info.plist */ = {isa = PBXFileReference; lastKnownFileType = text.plist.xml; path = "River-Info.plist"; sourceTree = "<group>"; };
		1541A594140A3E2A002B745A /* en */ = {isa = PBXFileReference; lastKnownFileType = text.plist.strings; name = en; path = en.lproj/InfoPlist.strings; sourceTree = "<group>"; };
		1541A596140A3E2A002B745A /* River-Prefix.pch */ = {isa = PBXFileReference; lastKnownFileType = sourcecode.c.h; path = "River-Prefix.pch"; sourceTree = "<group>"; };
		1541A597140A3E2A002B745A /* main.m */ = {isa = PBXFileReference; lastKnownFileType = sourcecode.c.objc; path = main.m; sourceTree = "<group>"; };
		1541A599140A3E2A002B745A /* RiverAppDelegate.h */ = {isa = PBXFileReference; lastKnownFileType = sourcecode.c.h; path = RiverAppDelegate.h; sourceTree = "<group>"; };
		1541A59A140A3E2A002B745A /* RiverAppDelegate.m */ = {isa = PBXFileReference; lastKnownFileType = sourcecode.c.objc; path = RiverAppDelegate.m; sourceTree = "<group>"; };
		1541A59D140A3E2A002B745A /* en */ = {isa = PBXFileReference; lastKnownFileType = file.xib; name = en; path = en.lproj/MainWindow.xib; sourceTree = "<group>"; };
		1541A59F140A3E2A002B745A /* FirstViewController.h */ = {isa = PBXFileReference; lastKnownFileType = sourcecode.c.h; path = FirstViewController.h; sourceTree = "<group>"; };
		1541A5A0140A3E2A002B745A /* FirstViewController.m */ = {isa = PBXFileReference; lastKnownFileType = sourcecode.c.objc; path = FirstViewController.m; sourceTree = "<group>"; };
		1541A5A2140A3E2A002B745A /* SecondViewController.h */ = {isa = PBXFileReference; lastKnownFileType = sourcecode.c.h; path = SecondViewController.h; sourceTree = "<group>"; };
		1541A5A3140A3E2A002B745A /* SecondViewController.m */ = {isa = PBXFileReference; lastKnownFileType = sourcecode.c.objc; path = SecondViewController.m; sourceTree = "<group>"; };
		1541A5A6140A3E2A002B745A /* en */ = {isa = PBXFileReference; lastKnownFileType = file.xib; name = en; path = en.lproj/FirstView.xib; sourceTree = "<group>"; };
		1541A5A9140A3E2A002B745A /* en */ = {isa = PBXFileReference; lastKnownFileType = file.xib; name = en; path = en.lproj/SecondView.xib; sourceTree = "<group>"; };
		1541A5B0140A3E49002B745A /* Icon.png */ = {isa = PBXFileReference; lastKnownFileType = image.png; name = Icon.png; path = ../Icon.png; sourceTree = "<group>"; };
		1541A5B2140A3E4E002B745A /* Icon@2x.png */ = {isa = PBXFileReference; lastKnownFileType = image.png; name = "Icon@2x.png"; path = "../Icon@2x.png"; sourceTree = "<group>"; };
		1541A5B4140A3E56002B745A /* star.png */ = {isa = PBXFileReference; lastKnownFileType = image.png; path = star.png; sourceTree = "<group>"; };
		1541A5B6140A3F0D002B745A /* ThirdViewController.h */ = {isa = PBXFileReference; fileEncoding = 4; lastKnownFileType = sourcecode.c.h; path = ThirdViewController.h; sourceTree = "<group>"; };
		1541A5B7140A3F0D002B745A /* ThirdViewController.m */ = {isa = PBXFileReference; fileEncoding = 4; lastKnownFileType = sourcecode.c.objc; path = ThirdViewController.m; sourceTree = "<group>"; };
		1541A5B8140A3F0D002B745A /* ThirdViewController.xib */ = {isa = PBXFileReference; fileEncoding = 4; lastKnownFileType = file.xib; path = ThirdViewController.xib; sourceTree = "<group>"; };
		1541A5BB140A3F2D002B745A /* FourthViewController.h */ = {isa = PBXFileReference; fileEncoding = 4; lastKnownFileType = sourcecode.c.h; path = FourthViewController.h; sourceTree = "<group>"; };
		1541A5BC140A3F2D002B745A /* FourthViewController.m */ = {isa = PBXFileReference; fileEncoding = 4; lastKnownFileType = sourcecode.c.objc; path = FourthViewController.m; sourceTree = "<group>"; };
		1541A5BD140A3F2D002B745A /* FourthViewController.xib */ = {isa = PBXFileReference; fileEncoding = 4; lastKnownFileType = file.xib; path = FourthViewController.xib; sourceTree = "<group>"; };
		1541A5C0140A3F4A002B745A /* FifthViewController.h */ = {isa = PBXFileReference; fileEncoding = 4; lastKnownFileType = sourcecode.c.h; path = FifthViewController.h; sourceTree = "<group>"; };
		1541A5C1140A3F4A002B745A /* FifthViewController.m */ = {isa = PBXFileReference; fileEncoding = 4; lastKnownFileType = sourcecode.c.objc; path = FifthViewController.m; sourceTree = "<group>"; };
		1541A5C2140A3F4A002B745A /* FifthViewController.xib */ = {isa = PBXFileReference; fileEncoding = 4; lastKnownFileType = file.xib; path = FifthViewController.xib; sourceTree = "<group>"; };
/* End PBXFileReference section */

/* Begin PBXFrameworksBuildPhase section */
		1541A583140A3E2A002B745A /* Frameworks */ = {
			isa = PBXFrameworksBuildPhase;
			buildActionMask = 2147483647;
			files = (
				1541A58B140A3E2A002B745A /* UIKit.framework in Frameworks */,
				1541A58D140A3E2A002B745A /* Foundation.framework in Frameworks */,
				1541A58F140A3E2A002B745A /* CoreGraphics.framework in Frameworks */,
			);
			runOnlyForDeploymentPostprocessing = 0;
		};
/* End PBXFrameworksBuildPhase section */

/* Begin PBXGroup section */
		1541A57B140A3E2A002B745A = {
			isa = PBXGroup;
			children = (
				1541A590140A3E2A002B745A /* River */,
				1541A589140A3E2A002B745A /* Frameworks */,
				1541A587140A3E2A002B745A /* Products */,
			);
			sourceTree = "<group>";
		};
		1541A587140A3E2A002B745A /* Products */ = {
			isa = PBXGroup;
			children = (
				1541A586140A3E2A002B745A /* River.app */,
			);
			name = Products;
			sourceTree = "<group>";
		};
		1541A589140A3E2A002B745A /* Frameworks */ = {
			isa = PBXGroup;
			children = (
				1541A58A140A3E2A002B745A /* UIKit.framework */,
				1541A58C140A3E2A002B745A /* Foundation.framework */,
				1541A58E140A3E2A002B745A /* CoreGraphics.framework */,
			);
			name = Frameworks;
			sourceTree = "<group>";
		};
		1541A590140A3E2A002B745A /* River */ = {
			isa = PBXGroup;
			children = (
				1541A599140A3E2A002B745A /* RiverAppDelegate.h */,
				1541A59A140A3E2A002B745A /* RiverAppDelegate.m */,
				1541A59C140A3E2A002B745A /* MainWindow.xib */,
				1541A59F140A3E2A002B745A /* FirstViewController.h */,
				1541A5A0140A3E2A002B745A /* FirstViewController.m */,
				1541A5A2140A3E2A002B745A /* SecondViewController.h */,
				1541A5A3140A3E2A002B745A /* SecondViewController.m */,
				1541A5B6140A3F0D002B745A /* ThirdViewController.h */,
				1541A5B7140A3F0D002B745A /* ThirdViewController.m */,
				1541A5BB140A3F2D002B745A /* FourthViewController.h */,
				1541A5BC140A3F2D002B745A /* FourthViewController.m */,
				1541A5C0140A3F4A002B745A /* FifthViewController.h */,
				1541A5C1140A3F4A002B745A /* FifthViewController.m */,
				1541A5A5140A3E2A002B745A /* FirstView.xib */,
				1541A5A8140A3E2A002B745A /* SecondView.xib */,
				1541A5B8140A3F0D002B745A /* ThirdViewController.xib */,
				1541A5BD140A3F2D002B745A /* FourthViewController.xib */,
				1541A5C2140A3F4A002B745A /* FifthViewController.xib */,
				1541A591140A3E2A002B745A /* Supporting Files */,
			);
			path = River;
			sourceTree = "<group>";
		};
		1541A591140A3E2A002B745A /* Supporting Files */ = {
			isa = PBXGroup;
			children = (
				1541A5B2140A3E4E002B745A /* Icon@2x.png */,
				1541A5B0140A3E49002B745A /* Icon.png */,
				1541A5B4140A3E56002B745A /* star.png */,
				1541A592140A3E2A002B745A /* River-Info.plist */,
				1541A593140A3E2A002B745A /* InfoPlist.strings */,
				1541A596140A3E2A002B745A /* River-Prefix.pch */,
				1541A597140A3E2A002B745A /* main.m */,
			);
			name = "Supporting Files";
			sourceTree = "<group>";
		};
/* End PBXGroup section */

/* Begin PBXNativeTarget section */
		1541A585140A3E2A002B745A /* River */ = {
			isa = PBXNativeTarget;
			buildConfigurationList = 1541A5AD140A3E2A002B745A /* Build configuration list for PBXNativeTarget "River" */;
			buildPhases = (
				1541A582140A3E2A002B745A /* Sources */,
				1541A583140A3E2A002B745A /* Frameworks */,
				1541A584140A3E2A002B745A /* Resources */,
			);
			buildRules = (
			);
			dependencies = (
			);
			name = River;
			productName = River;
			productReference = 1541A586140A3E2A002B745A /* River.app */;
			productType = "com.apple.product-type.application";
		};
/* End PBXNativeTarget section */

/* Begin PBXProject section */
		1541A57D140A3E2A002B745A /* Project object */ = {
			isa = PBXProject;
			buildConfigurationList = 1541A580140A3E2A002B745A /* Build configuration list for PBXProject "River" */;
			compatibilityVersion = "Xcode 3.2";
			developmentRegion = English;
			hasScannedForEncodings = 0;
			knownRegions = (
				en,
			);
			mainGroup = 1541A57B140A3E2A002B745A;
			productRefGroup = 1541A587140A3E2A002B745A /* Products */;
			projectDirPath = "";
			projectRoot = "";
			targets = (
				1541A585140A3E2A002B745A /* River */,
			);
		};
/* End PBXProject section */

/* Begin PBXResourcesBuildPhase section */
		1541A584140A3E2A002B745A /* Resources */ = {
			isa = PBXResourcesBuildPhase;
			buildActionMask = 2147483647;
			files = (
				1541A595140A3E2A002B745A /* InfoPlist.strings in Resources */,
				1541A59E140A3E2A002B745A /* MainWindow.xib in Resources */,
				1541A5A7140A3E2A002B745A /* FirstView.xib in Resources */,
				1541A5AA140A3E2A002B745A /* SecondView.xib in Resources */,
				1541A5B1140A3E49002B745A /* Icon.png in Resources */,
				1541A5B3140A3E4E002B745A /* Icon@2x.png in Resources */,
				1541A5B5140A3E56002B745A /* star.png in Resources */,
				1541A5BA140A3F0D002B745A /* ThirdViewController.xib in Resources */,
				1541A5BF140A3F2D002B745A /* FourthViewController.xib in Resources */,
				1541A5C4140A3F4A002B745A /* FifthViewController.xib in Resources */,
			);
			runOnlyForDeploymentPostprocessing = 0;
		};
/* End PBXResourcesBuildPhase section */

/* Begin PBXSourcesBuildPhase section */
		1541A582140A3E2A002B745A /* Sources */ = {
			isa = PBXSourcesBuildPhase;
			buildActionMask = 2147483647;
			files = (
				1541A598140A3E2A002B745A /* main.m in Sources */,
				1541A59B140A3E2A002B745A /* RiverAppDelegate.m in Sources */,
				1541A5A1140A3E2A002B745A /* FirstViewController.m in Sources */,
				1541A5A4140A3E2A002B745A /* SecondViewController.m in Sources */,
				1541A5B9140A3F0D002B745A /* ThirdViewController.m in Sources */,
				1541A5BE140A3F2D002B745A /* FourthViewController.m in Sources */,
				1541A5C3140A3F4A002B745A /* FifthViewController.m in Sources */,
			);
			runOnlyForDeploymentPostprocessing = 0;
		};
/* End PBXSourcesBuildPhase section */

/* Begin PBXVariantGroup section */
		1541A593140A3E2A002B745A /* InfoPlist.strings */ = {
			isa = PBXVariantGroup;
			children = (
				1541A594140A3E2A002B745A /* en */,
			);
			name = InfoPlist.strings;
			sourceTree = "<group>";
		};
		1541A59C140A3E2A002B745A /* MainWindow.xib */ = {
			isa = PBXVariantGroup;
			children = (
				1541A59D140A3E2A002B745A /* en */,
			);
			name = MainWindow.xib;
			sourceTree = "<group>";
		};
		1541A5A5140A3E2A002B745A /* FirstView.xib */ = {
			isa = PBXVariantGroup;
			children = (
				1541A5A6140A3E2A002B745A /* en */,
			);
			name = FirstView.xib;
			sourceTree = "<group>";
		};
		1541A5A8140A3E2A002B745A /* SecondView.xib */ = {
			isa = PBXVariantGroup;
			children = (
				1541A5A9140A3E2A002B745A /* en */,
			);
			name = SecondView.xib;
			sourceTree = "<group>";
		};
/* End PBXVariantGroup section */

/* Begin XCBuildConfiguration section */
		1541A5AB140A3E2A002B745A /* Debug */ = {
			isa = XCBuildConfiguration;
			buildSettings = {
				ARCHS = "$(ARCHS_STANDARD_32_BIT)";
				"CODE_SIGN_IDENTITY[sdk=iphoneos*]" = "iPhone Developer";
				GCC_C_LANGUAGE_STANDARD = gnu99;
				GCC_OPTIMIZATION_LEVEL = 0;
				GCC_PREPROCESSOR_DEFINITIONS = DEBUG;
				GCC_SYMBOLS_PRIVATE_EXTERN = NO;
				GCC_VERSION = com.apple.compilers.llvmgcc42;
				GCC_WARN_ABOUT_RETURN_TYPE = YES;
				GCC_WARN_UNUSED_VARIABLE = YES;
				IPHONEOS_DEPLOYMENT_TARGET = 4.3;
				SDKROOT = iphoneos;
			};
			name = Debug;
		};
		1541A5AC140A3E2A002B745A /* Release */ = {
			isa = XCBuildConfiguration;
			buildSettings = {
				ARCHS = "$(ARCHS_STANDARD_32_BIT)";
				"CODE_SIGN_IDENTITY[sdk=iphoneos*]" = "iPhone Developer";
				GCC_C_LANGUAGE_STANDARD = gnu99;
				GCC_VERSION = com.apple.compilers.llvmgcc42;
				GCC_WARN_ABOUT_RETURN_TYPE = YES;
				GCC_WARN_UNUSED_VARIABLE = YES;
				IPHONEOS_DEPLOYMENT_TARGET = 4.3;
				OTHER_CFLAGS = "-DNS_BLOCK_ASSERTIONS=1";
				SDKROOT = iphoneos;
			};
			name = Release;
		};
		1541A5AE140A3E2A002B745A /* Debug */ = {
			isa = XCBuildConfiguration;
			buildSettings = {
				ALWAYS_SEARCH_USER_PATHS = NO;
				COPY_PHASE_STRIP = NO;
				GCC_DYNAMIC_NO_PIC = NO;
				GCC_PRECOMPILE_PREFIX_HEADER = YES;
				GCC_PREFIX_HEADER = "River/River-Prefix.pch";
				INFOPLIST_FILE = "River/River-Info.plist";
				PRODUCT_NAME = "$(TARGET_NAME)";
				WRAPPER_EXTENSION = app;
			};
			name = Debug;
		};
		1541A5AF140A3E2A002B745A /* Release */ = {
			isa = XCBuildConfiguration;
			buildSettings = {
				ALWAYS_SEARCH_USER_PATHS = NO;
				COPY_PHASE_STRIP = YES;
				GCC_PRECOMPILE_PREFIX_HEADER = YES;
				GCC_PREFIX_HEADER = "River/River-Prefix.pch";
				INFOPLIST_FILE = "River/River-Info.plist";
				PRODUCT_NAME = "$(TARGET_NAME)";
				VALIDATE_PRODUCT = YES;
				WRAPPER_EXTENSION = app;
			};
			name = Release;
		};
/* End XCBuildConfiguration section */

/* Begin XCConfigurationList section */
		1541A580140A3E2A002B745A /* Build configuration list for PBXProject "River" */ = {
			isa = XCConfigurationList;
			buildConfigurations = (
				1541A5AB140A3E2A002B745A /* Debug */,
				1541A5AC140A3E2A002B745A /* Release */,
			);
			defaultConfigurationIsVisible = 0;
			defaultConfigurationName = Release;
		};
		1541A5AD140A3E2A002B745A /* Build configuration list for PBXNativeTarget "River" */ = {
			isa = XCConfigurationList;
			buildConfigurations = (
				1541A5AE140A3E2A002B745A /* Debug */,
				1541A5AF140A3E2A002B745A /* Release */,
			);
			defaultConfigurationIsVisible = 0;
		};
/* End XCConfigurationList section */
	};
	rootObject = 1541A57D140A3E2A002B745A /* Project object */;
}
